
Microsoft Visual Studio Solution File, Format Version 12.00
# Visual Studio Version 16
VisualStudioVersion = 16.0.30503.244
MinimumVisualStudioVersion = 10.0.40219.1
Project("{FAE04EC0-301F-11D3-BF4B-00C04F79EFBC}") = "Demo", "Demo\Demo.csproj", "{AC42C59A-ACA4-4ACE-B6D9-75FFD3613485}"
EndProject
Project("{FAE04EC0-301F-11D3-BF4B-00C04F79EFBC}") = "Webcam", "Webcam\Webcam.csproj", "{D5FAECAE-EA91-4D88-AC30-87A2939BEBB1}"
EndProject
Project("{FAE04EC0-301F-11D3-BF4B-00C04F79EFBC}") = "TicketBooking", "TicketBooking\TicketBooking.csproj", "{71063652-0A53-47D0-B602-13039AFF4A48}"
EndProject
Project("{FAE04EC0-301F-11D3-BF4B-00C04F79EFBC}") = "SendMailDemo", "SendMailDemo\SendMailDemo.csproj", "{CAAA03F6-3576-470D-9F06-F27CA30C4C90}"
EndProject
Global
	GlobalSection(SolutionConfigurationPlatforms) = preSolution
		Debug|Any CPU = Debug|Any CPU
		Release|Any CPU = Release|Any CPU
	EndGlobalSection
	GlobalSection(ProjectConfigurationPlatforms) = postSolution
		{AC42C59A-ACA4-4ACE-B6D9-75FFD3613485}.Debug|Any CPU.ActiveCfg = Debug|Any CPU
		{AC42C59A-ACA4-4ACE-B6D9-75FFD3613485}.Debug|Any CPU.Build.0 = Debug|Any CPU
		{AC42C59A-ACA4-4ACE-B6D9-75FFD3613485}.Release|Any CPU.ActiveCfg = Release|Any CPU
		{AC42C59A-ACA4-4ACE-B6D9-75FFD3613485}.Release|Any CPU.Build.0 = Release|Any CPU
		{D5FAECAE-EA91-4D88-AC30-87A2939BEBB1}.Debug|Any CPU.ActiveCfg = Debug|Any CPU
		{D5FAECAE-EA91-4D88-AC30-87A2939BEBB1}.Debug|Any CPU.Build.0 = Debug|Any CPU
		{D5FAECAE-EA91-4D88-AC30-87A2939BEBB1}.Release|Any CPU.ActiveCfg = Release|Any CPU
		{D5FAECAE-EA91-4D88-AC30-87A2939BEBB1}.Release|Any CPU.Build.0 = Release|Any CPU
		{71063652-0A53-47D0-B602-13039AFF4A48}.Debug|Any CPU.ActiveCfg = Debug|Any CPU
		{71063652-0A53-47D0-B602-13039AFF4A48}.Debug|Any CPU.Build.0 = Debug|Any CPU
		{71063652-0A53-47D0-B602-13039AFF4A48}.Release|Any CPU.ActiveCfg = Release|Any CPU
		{71063652-0A53-47D0-B602-13039AFF4A48}.Release|Any CPU.Build.0 = Release|Any CPU
		{CAAA03F6-3576-470D-9F06-F27CA30C4C90}.Debug|Any CPU.ActiveCfg = Debug|Any CPU
		{CAAA03F6-3576-470D-9F06-F27CA30C4C90}.Debug|Any CPU.Build.0 = Debug|Any CPU
		{CAAA03F6-3576-470D-9F06-F27CA30C4C90}.Release|Any CPU.ActiveCfg = Release|Any CPU
		{CAAA03F6-3576-470D-9F06-F27CA30C4C90}.Release|Any CPU.Build.0 = Release|Any CPU
	EndGlobalSection
	GlobalSection(SolutionProperties) = preSolution
		HideSolutionNode = FALSE
	EndGlobalSection
	GlobalSection(ExtensibilityGlobals) = postSolution
		SolutionGuid = {7D4635FD-E1DD-447F-8685-A6861FBD3D02}
	EndGlobalSection
EndGlobal
